
Microsoft Visual Studio Solution File, Format Version 12.00
# Visual Studio Version 17
VisualStudioVersion = 17.0.32112.339
MinimumVisualStudioVersion = 10.0.40219.1
Project("{FAE04EC0-301F-11D3-BF4B-00C04F79EFBC}") = "2222222", "2222222.csproj", "{7F5B01A8-85BD-43EE-AD19-6F7B2C14043F}"
EndProject
Global
	GlobalSection(SolutionConfigurationPlatforms) = preSolution
		Debug|x86 = Debug|x86
		Release|x86 = Release|x86
	EndGlobalSection
	GlobalSection(ProjectConfigurationPlatforms) = postSolution
		{7F5B01A8-85BD-43EE-AD19-6F7B2C14043F}.Debug|x86.ActiveCfg = Debug|x86
		{7F5B01A8-85BD-43EE-AD19-6F7B2C14043F}.Debug|x86.Build.0 = Debug|x86
		{7F5B01A8-85BD-43EE-AD19-6F7B2C14043F}.Release|x86.ActiveCfg = Release|x86
		{7F5B01A8-85BD-43EE-AD19-6F7B2C14043F}.Release|x86.Build.0 = Release|x86
	EndGlobalSection
	GlobalSection(SolutionProperties) = preSolution
		HideSolutionNode = FALSE
	EndGlobalSection
	GlobalSection(ExtensibilityGlobals) = postSolution
		SolutionGuid = {FDF6CC1F-DD84-40E3-A578-266B246A80B7}
	EndGlobalSection
EndGlobal
